
Microsoft Visual Studio Solution File, Format Version 12.00
# Visual Studio Version 16
VisualStudioVersion = 16.0.30717.126
MinimumVisualStudioVersion = 10.0.40219.1
Project("{FAE04EC0-301F-11D3-BF4B-00C04F79EFBC}") = "TDDHashValue", "TDDHashValue\TDDHashValue.csproj", "{778B0253-0203-49A5-A6AE-21DB0DB217E0}"
EndProject
Project("{FAE04EC0-301F-11D3-BF4B-00C04F79EFBC}") = "TDDHashValueTest", "TDDHashValueTest\TDDHashValueTest.csproj", "{C698797A-320E-4271-9B63-FE7E88C35B76}"
EndProject
Global
	GlobalSection(SolutionConfigurationPlatforms) = preSolution
		Debug|Any CPU = Debug|Any CPU
		Release|Any CPU = Release|Any CPU
	EndGlobalSection
	GlobalSection(ProjectConfigurationPlatforms) = postSolution
		{778B0253-0203-49A5-A6AE-21DB0DB217E0}.Debug|Any CPU.ActiveCfg = Debug|Any CPU
		{778B0253-0203-49A5-A6AE-21DB0DB217E0}.Debug|Any CPU.Build.0 = Debug|Any CPU
		{778B0253-0203-49A5-A6AE-21DB0DB217E0}.Release|Any CPU.ActiveCfg = Release|Any CPU
		{778B0253-0203-49A5-A6AE-21DB0DB217E0}.Release|Any CPU.Build.0 = Release|Any CPU
		{C698797A-320E-4271-9B63-FE7E88C35B76}.Debug|Any CPU.ActiveCfg = Debug|Any CPU
		{C698797A-320E-4271-9B63-FE7E88C35B76}.Debug|Any CPU.Build.0 = Debug|Any CPU
		{C698797A-320E-4271-9B63-FE7E88C35B76}.Release|Any CPU.ActiveCfg = Release|Any CPU
		{C698797A-320E-4271-9B63-FE7E88C35B76}.Release|Any CPU.Build.0 = Release|Any CPU
	EndGlobalSection
	GlobalSection(SolutionProperties) = preSolution
		HideSolutionNode = FALSE
	EndGlobalSection
	GlobalSection(ExtensibilityGlobals) = postSolution
		SolutionGuid = {E1F26CD3-FD13-4034-95BB-72EC54144E29}
	EndGlobalSection
EndGlobal
